
Microsoft Visual Studio Solution File, Format Version 12.00
# Visual Studio Version 17
VisualStudioVersion = 17.8.34330.188
MinimumVisualStudioVersion = 10.0.40219.1
Project("{FAE04EC0-301F-11D3-BF4B-00C04F79EFBC}") = "AutomationApi", "AutomationApi.csproj", "{4D2FFFC6-6A9F-45DF-8D3F-1052EA41A0FC}"
EndProject
Global
	GlobalSection(SolutionConfigurationPlatforms) = preSolution
		Debug|Any CPU = Debug|Any CPU
		Release|Any CPU = Release|Any CPU
	EndGlobalSection
	GlobalSection(ProjectConfigurationPlatforms) = postSolution
		{4D2FFFC6-6A9F-45DF-8D3F-1052EA41A0FC}.Debug|Any CPU.ActiveCfg = Debug|Any CPU
		{4D2FFFC6-6A9F-45DF-8D3F-1052EA41A0FC}.Debug|Any CPU.Build.0 = Debug|Any CPU
		{4D2FFFC6-6A9F-45DF-8D3F-1052EA41A0FC}.Release|Any CPU.ActiveCfg = Release|Any CPU
		{4D2FFFC6-6A9F-45DF-8D3F-1052EA41A0FC}.Release|Any CPU.Build.0 = Release|Any CPU
	EndGlobalSection
	GlobalSection(SolutionProperties) = preSolution
		HideSolutionNode = FALSE
	EndGlobalSection
	GlobalSection(ExtensibilityGlobals) = postSolution
		SolutionGuid = {F0A7554C-B32E-45BA-8C7A-947286AC2D2A}
	EndGlobalSection
EndGlobal
